
Microsoft Visual Studio Solution File, Format Version 12.00
# Visual Studio Version 17
VisualStudioVersion = 17.14.36414.22
MinimumVisualStudioVersion = 10.0.40219.1
Project("{FAE04EC0-301F-11D3-BF4B-00C04F79EFBC}") = "C01_HelloCS", "C01_HelloCS\C01_HelloCS.csproj", "{98034703-4335-487C-A9B7-EA7BBEC2FAC5}"
EndProject
Project("{FAE04EC0-301F-11D3-BF4B-00C04F79EFBC}") = "C01_AboutMyEnvironment", "C01_AboutMyEnvironment\C01_AboutMyEnvironment.csproj", "{39A6C1E6-9289-41AD-A56B-41D1F5C0E357}"
EndProject
Project("{FAE04EC0-301F-11D3-BF4B-00C04F79EFBC}") = "C02_Vocabulary", "C02_Vocabulary\C02_Vocabulary.csproj", "{6A4A39F0-04CE-4492-A9B2-8F7F02526033}"
EndProject
Project("{FAE04EC0-301F-11D3-BF4B-00C04F79EFBC}") = "C02_Numbers", "C02_Numbers\C02_Numbers.csproj", "{6837A27E-A9DE-4C19-93A4-E8B167FCCC3E}"
EndProject
Project("{FAE04EC0-301F-11D3-BF4B-00C04F79EFBC}") = "C02_Arguments", "CS02_Arguments\C02_Arguments.csproj", "{877F00F3-8F3E-4FC8-98E9-C28C01EE72E0}"
EndProject
Project("{FAE04EC0-301F-11D3-BF4B-00C04F79EFBC}") = "C02_ExerciseNumbers", "C02_ExerciseNumbers\C02_ExerciseNumbers.csproj", "{D685DF4C-2743-4847-B5C3-0AB131DA3625}"
EndProject
Project("{FAE04EC0-301F-11D3-BF4B-00C04F79EFBC}") = "C03_Operators", "C03_Operators\C03_Operators.csproj", "{74224FA0-D03D-4A5B-B201-8924D944C1E6}"
EndProject
Project("{FAE04EC0-301F-11D3-BF4B-00C04F79EFBC}") = "C03_SelectionStatements", "C03_SelectionStatements\C03_SelectionStatements.csproj", "{6000EE7A-9CCD-44BE-8C7D-FD9A041625D5}"
EndProject
Project("{FAE04EC0-301F-11D3-BF4B-00C04F79EFBC}") = "C03_IterationStatements", "C03_IterationStatements\C03_IterationStatements.csproj", "{108EC7AA-EEF6-4F13-9FDF-80BB0B1FBAF7}"
EndProject
Project("{FAE04EC0-301F-11D3-BF4B-00C04F79EFBC}") = "C03_Arrays", "C03_Arrays\C03_Arrays.csproj", "{27F161A4-3C27-4CE6-A325-D33C03EE5F5A}"
EndProject
Project("{FAE04EC0-301F-11D3-BF4B-00C04F79EFBC}") = "C03_CastingConverting", "C03_CastingConverting\C03_CastingConverting.csproj", "{988308AC-8DE4-44E1-810B-49B7F2739B57}"
EndProject
Project("{FAE04EC0-301F-11D3-BF4B-00C04F79EFBC}") = "C03_HandlingExceptions", "C03_HandlingExceptions\C03_HandlingExceptions.csproj", "{77207CDD-8A7E-4740-8738-D65E1C225F50}"
EndProject
Project("{FAE04EC0-301F-11D3-BF4B-00C04F79EFBC}") = "C03_ExerciseLoopsAndOverflow", "C03_ExerciseLoopsAndOverflow\C03_ExerciseLoopsAndOverflow.csproj", "{D51527CA-0238-4D1B-962F-B2529A18D3D4}"
EndProject
Project("{FAE04EC0-301F-11D3-BF4B-00C04F79EFBC}") = "C03_ExerciseExceptions", "C03_ExerciseExceptions\C03_ExerciseExceptions.csproj", "{A46FDDAC-74E1-4B1A-BDE5-62B1DB518036}"
EndProject
Project("{FAE04EC0-301F-11D3-BF4B-00C04F79EFBC}") = "C03_ExerciseOperators", "C03_ExerciseOperators\C03_ExerciseOperators.csproj", "{1D1016DB-B919-4DDD-AB40-A81D843FE21C}"
EndProject
Project("{FAE04EC0-301F-11D3-BF4B-00C04F79EFBC}") = "C03_ExerciseFizzBuzz", "C03_ExerciseFizzBuzz\C03_ExerciseFizzBuzz.csproj", "{D87596F4-F86E-468A-AB1C-B42A21BAA17E}"
EndProject
Project("{FAE04EC0-301F-11D3-BF4B-00C04F79EFBC}") = "C04_TopLevelFunctions", "C04_TopLevelFunctions\C04_TopLevelFunctions.csproj", "{30372383-7028-44BA-B16D-E176945697DD}"
EndProject
Project("{FAE04EC0-301F-11D3-BF4B-00C04F79EFBC}") = "C04_WritingFunctions", "C04_WritingFunctions\C04_WritingFunctions.csproj", "{20E4438E-F160-47CA-935C-9A07F0A19E9B}"
EndProject
Project("{FAE04EC0-301F-11D3-BF4B-00C04F79EFBC}") = "C04_Debugging", "C04_Debugging\C04_Debugging.csproj", "{0713AF2C-C76B-47B9-B55B-68445C9DE5C7}"
EndProject
Project("{FAE04EC0-301F-11D3-BF4B-00C04F79EFBC}") = "C04_HotReloading", "C04_HotReloading\C04_HotReloading.csproj", "{C9B02EAD-7074-4FB1-A005-142C3F3F7BDE}"
EndProject
Project("{FAE04EC0-301F-11D3-BF4B-00C04F79EFBC}") = "C04_CalculatorLib", "C04_CalculatorLib\C04_CalculatorLib.csproj", "{21B0155A-0719-410F-9F19-F8C2903A442E}"
EndProject
Project("{FAE04EC0-301F-11D3-BF4B-00C04F79EFBC}") = "C04_CalculatorLibUnitTests", "C04_CalculatorLibUnitTests\C04_CalculatorLibUnitTests.csproj", "{F951B138-A203-46AF-A6A5-43358BF4554F}"
EndProject
Project("{FAE04EC0-301F-11D3-BF4B-00C04F79EFBC}") = "C04_CallStackExceptionHandlingLib", "C04_CallStackExceptionHandlingLib\C04_CallStackExceptionHandlingLib.csproj", "{2AAFBF2E-15BD-4911-865F-9B284630CC85}"
EndProject
Project("{FAE04EC0-301F-11D3-BF4B-00C04F79EFBC}") = "C04_CallStackExceptionHandling", "C04_CallStackExceptionHandling\C04_CallStackExceptionHandling.csproj", "{33BF71DA-1314-4FDE-A87D-1912E436B181}"
EndProject
Project("{2150E333-8FDC-42A3-9474-1A3956D46DE8}") = "Chapter_1", "Chapter_1", "{02EA681E-C7D8-13C7-8484-4AC65E1B71E8}"
EndProject
Project("{2150E333-8FDC-42A3-9474-1A3956D46DE8}") = "Chapter_2", "Chapter_2", "{D7678118-8971-49BD-A084-3C9FDFE00FBE}"
EndProject
Project("{2150E333-8FDC-42A3-9474-1A3956D46DE8}") = "Chapter_3", "Chapter_3", "{DC224F1F-151B-46CC-B6BE-2462244AD1D8}"
EndProject
Project("{2150E333-8FDC-42A3-9474-1A3956D46DE8}") = "Chapter_4", "Chapter_4", "{6EF23C0F-2F08-49A9-97B2-8F0A663112DA}"
EndProject
Project("{2150E333-8FDC-42A3-9474-1A3956D46DE8}") = "Chapter_5", "Chapter_5", "{6048CB00-C63B-4167-8124-A356000DC871}"
EndProject
Project("{FAE04EC0-301F-11D3-BF4B-00C04F79EFBC}") = "C04_ExercisePrimeFactorsLib", "C04_ExercisePrimeFactorsLib\C04_ExercisePrimeFactorsLib.csproj", "{BD95B129-5819-4838-B85F-99783E3CC83A}"
EndProject
Project("{FAE04EC0-301F-11D3-BF4B-00C04F79EFBC}") = "C04_ExercisePrimeFactorsApp", "C04_ExercisePrimeFactorsApp\C04_ExercisePrimeFactorsApp.csproj", "{57E38C3D-8E69-4501-A927-463C6055B0F3}"
EndProject
Project("{FAE04EC0-301F-11D3-BF4B-00C04F79EFBC}") = "C04_ExercisePrimeFactorsTests", "C04_ExercisePrimeFactorsTests\C04_ExercisePrimeFactorsTests.csproj", "{734A9611-3CF6-4D3F-B2C0-8B040B40CABA}"
EndProject
Project("{FAE04EC0-301F-11D3-BF4B-00C04F79EFBC}") = "C05_PacktLibraryNet2", "C05_PacktLibraryNet2\C05_PacktLibraryNet2.csproj", "{6906A357-3EE6-48F8-BE52-E716C687EA3D}"
EndProject
Project("{FAE04EC0-301F-11D3-BF4B-00C04F79EFBC}") = "C05_PeopleApp", "C05_PeopleApp\C05_PeopleApp.csproj", "{DF38E57C-B190-4240-83D7-E25003E959E8}"
EndProject
Project("{FAE04EC0-301F-11D3-BF4B-00C04F79EFBC}") = "C05_PacktLibraryModern", "C05_PacktLibraryModern\C05_PacktLibraryModern.csproj", "{6215BCA7-2727-4E2F-AC04-0B46A97B95D0}"
EndProject
Project("{2150E333-8FDC-42A3-9474-1A3956D46DE8}") = "Chapter_6", "Chapter_6", "{5022CA46-0E91-4814-ACDA-81FC9B134762}"
EndProject
Project("{FAE04EC0-301F-11D3-BF4B-00C04F79EFBC}") = "C06_PeopleApp", "C06_PeopleApp\C06_PeopleApp.csproj", "{FD642A20-EEB8-49EC-BD9D-5EC756F91048}"
EndProject
Project("{FAE04EC0-301F-11D3-BF4B-00C04F79EFBC}") = "C06_PacktLibrary", "C06_PacktLibrary\C06_PacktLibrary.csproj", "{0AD1C8F3-6BAA-425C-B1FE-A3480E0D4846}"
EndProject
Project("{FAE04EC0-301F-11D3-BF4B-00C04F79EFBC}") = "C06_NullHandling", "C06_NullHandling\C06_NullHandling.csproj", "{131C8A01-2A3B-487E-A65F-B144455D0F9D}"
EndProject
Project("{FAE04EC0-301F-11D3-BF4B-00C04F79EFBC}") = "C06_Exercise_Inheritance", "C06_Exercise_Inheritance\C06_Exercise_Inheritance.csproj", "{3C253702-ED22-4001-9573-E7C69B498F1E}"
EndProject
Project("{2150E333-8FDC-42A3-9474-1A3956D46DE8}") = "Chapter_7", "Chapter_7", "{62519AC1-31F2-4C49-A900-CBB3ED4D3E78}"
EndProject
Project("{FAE04EC0-301F-11D3-BF4B-00C04F79EFBC}") = "C07_AssembliesAndNamespaces", "C07_AssembliesAndNamespaces\C07_AssembliesAndNamespaces.csproj", "{DF3C5B26-11C6-4F47-8AAC-8AF2893D52A4}"
EndProject
Project("{FAE04EC0-301F-11D3-BF4B-00C04F79EFBC}") = "C07_SharedLibrary", "C07_SharedLibrary\C07_SharedLibrary.csproj", "{C49F45B9-6C4E-4E1D-958C-DFAE474A27E6}"
EndProject
Global
	GlobalSection(SolutionConfigurationPlatforms) = preSolution
		Debug|Any CPU = Debug|Any CPU
		Release|Any CPU = Release|Any CPU
	EndGlobalSection
	GlobalSection(ProjectConfigurationPlatforms) = postSolution
		{98034703-4335-487C-A9B7-EA7BBEC2FAC5}.Debug|Any CPU.ActiveCfg = Debug|Any CPU
		{98034703-4335-487C-A9B7-EA7BBEC2FAC5}.Debug|Any CPU.Build.0 = Debug|Any CPU
		{98034703-4335-487C-A9B7-EA7BBEC2FAC5}.Release|Any CPU.ActiveCfg = Release|Any CPU
		{98034703-4335-487C-A9B7-EA7BBEC2FAC5}.Release|Any CPU.Build.0 = Release|Any CPU
		{39A6C1E6-9289-41AD-A56B-41D1F5C0E357}.Debug|Any CPU.ActiveCfg = Debug|Any CPU
		{39A6C1E6-9289-41AD-A56B-41D1F5C0E357}.Debug|Any CPU.Build.0 = Debug|Any CPU
		{39A6C1E6-9289-41AD-A56B-41D1F5C0E357}.Release|Any CPU.ActiveCfg = Release|Any CPU
		{39A6C1E6-9289-41AD-A56B-41D1F5C0E357}.Release|Any CPU.Build.0 = Release|Any CPU
		{6A4A39F0-04CE-4492-A9B2-8F7F02526033}.Debug|Any CPU.ActiveCfg = Debug|Any CPU
		{6A4A39F0-04CE-4492-A9B2-8F7F02526033}.Debug|Any CPU.Build.0 = Debug|Any CPU
		{6A4A39F0-04CE-4492-A9B2-8F7F02526033}.Release|Any CPU.ActiveCfg = Release|Any CPU
		{6A4A39F0-04CE-4492-A9B2-8F7F02526033}.Release|Any CPU.Build.0 = Release|Any CPU
		{6837A27E-A9DE-4C19-93A4-E8B167FCCC3E}.Debug|Any CPU.ActiveCfg = Debug|Any CPU
		{6837A27E-A9DE-4C19-93A4-E8B167FCCC3E}.Debug|Any CPU.Build.0 = Debug|Any CPU
		{6837A27E-A9DE-4C19-93A4-E8B167FCCC3E}.Release|Any CPU.ActiveCfg = Release|Any CPU
		{6837A27E-A9DE-4C19-93A4-E8B167FCCC3E}.Release|Any CPU.Build.0 = Release|Any CPU
		{877F00F3-8F3E-4FC8-98E9-C28C01EE72E0}.Debug|Any CPU.ActiveCfg = Debug|Any CPU
		{877F00F3-8F3E-4FC8-98E9-C28C01EE72E0}.Debug|Any CPU.Build.0 = Debug|Any CPU
		{877F00F3-8F3E-4FC8-98E9-C28C01EE72E0}.Release|Any CPU.ActiveCfg = Release|Any CPU
		{877F00F3-8F3E-4FC8-98E9-C28C01EE72E0}.Release|Any CPU.Build.0 = Release|Any CPU
		{D685DF4C-2743-4847-B5C3-0AB131DA3625}.Debug|Any CPU.ActiveCfg = Debug|Any CPU
		{D685DF4C-2743-4847-B5C3-0AB131DA3625}.Debug|Any CPU.Build.0 = Debug|Any CPU
		{D685DF4C-2743-4847-B5C3-0AB131DA3625}.Release|Any CPU.ActiveCfg = Release|Any CPU
		{D685DF4C-2743-4847-B5C3-0AB131DA3625}.Release|Any CPU.Build.0 = Release|Any CPU
		{74224FA0-D03D-4A5B-B201-8924D944C1E6}.Debug|Any CPU.ActiveCfg = Debug|Any CPU
		{74224FA0-D03D-4A5B-B201-8924D944C1E6}.Debug|Any CPU.Build.0 = Debug|Any CPU
		{74224FA0-D03D-4A5B-B201-8924D944C1E6}.Release|Any CPU.ActiveCfg = Release|Any CPU
		{74224FA0-D03D-4A5B-B201-8924D944C1E6}.Release|Any CPU.Build.0 = Release|Any CPU
		{6000EE7A-9CCD-44BE-8C7D-FD9A041625D5}.Debug|Any CPU.ActiveCfg = Debug|Any CPU
		{6000EE7A-9CCD-44BE-8C7D-FD9A041625D5}.Debug|Any CPU.Build.0 = Debug|Any CPU
		{6000EE7A-9CCD-44BE-8C7D-FD9A041625D5}.Release|Any CPU.ActiveCfg = Release|Any CPU
		{6000EE7A-9CCD-44BE-8C7D-FD9A041625D5}.Release|Any CPU.Build.0 = Release|Any CPU
		{108EC7AA-EEF6-4F13-9FDF-80BB0B1FBAF7}.Debug|Any CPU.ActiveCfg = Debug|Any CPU
		{108EC7AA-EEF6-4F13-9FDF-80BB0B1FBAF7}.Debug|Any CPU.Build.0 = Debug|Any CPU
		{108EC7AA-EEF6-4F13-9FDF-80BB0B1FBAF7}.Release|Any CPU.ActiveCfg = Release|Any CPU
		{108EC7AA-EEF6-4F13-9FDF-80BB0B1FBAF7}.Release|Any CPU.Build.0 = Release|Any CPU
		{27F161A4-3C27-4CE6-A325-D33C03EE5F5A}.Debug|Any CPU.ActiveCfg = Debug|Any CPU
		{27F161A4-3C27-4CE6-A325-D33C03EE5F5A}.Debug|Any CPU.Build.0 = Debug|Any CPU
		{27F161A4-3C27-4CE6-A325-D33C03EE5F5A}.Release|Any CPU.ActiveCfg = Release|Any CPU
		{27F161A4-3C27-4CE6-A325-D33C03EE5F5A}.Release|Any CPU.Build.0 = Release|Any CPU
		{988308AC-8DE4-44E1-810B-49B7F2739B57}.Debug|Any CPU.ActiveCfg = Debug|Any CPU
		{988308AC-8DE4-44E1-810B-49B7F2739B57}.Debug|Any CPU.Build.0 = Debug|Any CPU
		{988308AC-8DE4-44E1-810B-49B7F2739B57}.Release|Any CPU.ActiveCfg = Release|Any CPU
		{988308AC-8DE4-44E1-810B-49B7F2739B57}.Release|Any CPU.Build.0 = Release|Any CPU
		{77207CDD-8A7E-4740-8738-D65E1C225F50}.Debug|Any CPU.ActiveCfg = Debug|Any CPU
		{77207CDD-8A7E-4740-8738-D65E1C225F50}.Debug|Any CPU.Build.0 = Debug|Any CPU
		{77207CDD-8A7E-4740-8738-D65E1C225F50}.Release|Any CPU.ActiveCfg = Release|Any CPU
		{77207CDD-8A7E-4740-8738-D65E1C225F50}.Release|Any CPU.Build.0 = Release|Any CPU
		{D51527CA-0238-4D1B-962F-B2529A18D3D4}.Debug|Any CPU.ActiveCfg = Debug|Any CPU
		{D51527CA-0238-4D1B-962F-B2529A18D3D4}.Debug|Any CPU.Build.0 = Debug|Any CPU
		{D51527CA-0238-4D1B-962F-B2529A18D3D4}.Release|Any CPU.ActiveCfg = Release|Any CPU
		{D51527CA-0238-4D1B-962F-B2529A18D3D4}.Release|Any CPU.Build.0 = Release|Any CPU
		{A46FDDAC-74E1-4B1A-BDE5-62B1DB518036}.Debug|Any CPU.ActiveCfg = Debug|Any CPU
		{A46FDDAC-74E1-4B1A-BDE5-62B1DB518036}.Debug|Any CPU.Build.0 = Debug|Any CPU
		{A46FDDAC-74E1-4B1A-BDE5-62B1DB518036}.Release|Any CPU.ActiveCfg = Release|Any CPU
		{A46FDDAC-74E1-4B1A-BDE5-62B1DB518036}.Release|Any CPU.Build.0 = Release|Any CPU
		{1D1016DB-B919-4DDD-AB40-A81D843FE21C}.Debug|Any CPU.ActiveCfg = Debug|Any CPU
		{1D1016DB-B919-4DDD-AB40-A81D843FE21C}.Debug|Any CPU.Build.0 = Debug|Any CPU
		{1D1016DB-B919-4DDD-AB40-A81D843FE21C}.Release|Any CPU.ActiveCfg = Release|Any CPU
		{1D1016DB-B919-4DDD-AB40-A81D843FE21C}.Release|Any CPU.Build.0 = Release|Any CPU
		{D87596F4-F86E-468A-AB1C-B42A21BAA17E}.Debug|Any CPU.ActiveCfg = Debug|Any CPU
		{D87596F4-F86E-468A-AB1C-B42A21BAA17E}.Debug|Any CPU.Build.0 = Debug|Any CPU
		{D87596F4-F86E-468A-AB1C-B42A21BAA17E}.Release|Any CPU.ActiveCfg = Release|Any CPU
		{D87596F4-F86E-468A-AB1C-B42A21BAA17E}.Release|Any CPU.Build.0 = Release|Any CPU
		{30372383-7028-44BA-B16D-E176945697DD}.Debug|Any CPU.ActiveCfg = Debug|Any CPU
		{30372383-7028-44BA-B16D-E176945697DD}.Debug|Any CPU.Build.0 = Debug|Any CPU
		{30372383-7028-44BA-B16D-E176945697DD}.Release|Any CPU.ActiveCfg = Release|Any CPU
		{30372383-7028-44BA-B16D-E176945697DD}.Release|Any CPU.Build.0 = Release|Any CPU
		{20E4438E-F160-47CA-935C-9A07F0A19E9B}.Debug|Any CPU.ActiveCfg = Debug|Any CPU
		{20E4438E-F160-47CA-935C-9A07F0A19E9B}.Debug|Any CPU.Build.0 = Debug|Any CPU
		{20E4438E-F160-47CA-935C-9A07F0A19E9B}.Release|Any CPU.ActiveCfg = Release|Any CPU
		{20E4438E-F160-47CA-935C-9A07F0A19E9B}.Release|Any CPU.Build.0 = Release|Any CPU
		{0713AF2C-C76B-47B9-B55B-68445C9DE5C7}.Debug|Any CPU.ActiveCfg = Debug|Any CPU
		{0713AF2C-C76B-47B9-B55B-68445C9DE5C7}.Debug|Any CPU.Build.0 = Debug|Any CPU
		{0713AF2C-C76B-47B9-B55B-68445C9DE5C7}.Release|Any CPU.ActiveCfg = Release|Any CPU
		{0713AF2C-C76B-47B9-B55B-68445C9DE5C7}.Release|Any CPU.Build.0 = Release|Any CPU
		{C9B02EAD-7074-4FB1-A005-142C3F3F7BDE}.Debug|Any CPU.ActiveCfg = Debug|Any CPU
		{C9B02EAD-7074-4FB1-A005-142C3F3F7BDE}.Debug|Any CPU.Build.0 = Debug|Any CPU
		{C9B02EAD-7074-4FB1-A005-142C3F3F7BDE}.Release|Any CPU.ActiveCfg = Release|Any CPU
		{C9B02EAD-7074-4FB1-A005-142C3F3F7BDE}.Release|Any CPU.Build.0 = Release|Any CPU
		{21B0155A-0719-410F-9F19-F8C2903A442E}.Debug|Any CPU.ActiveCfg = Debug|Any CPU
		{21B0155A-0719-410F-9F19-F8C2903A442E}.Debug|Any CPU.Build.0 = Debug|Any CPU
		{21B0155A-0719-410F-9F19-F8C2903A442E}.Release|Any CPU.ActiveCfg = Release|Any CPU
		{21B0155A-0719-410F-9F19-F8C2903A442E}.Release|Any CPU.Build.0 = Release|Any CPU
		{F951B138-A203-46AF-A6A5-43358BF4554F}.Debug|Any CPU.ActiveCfg = Debug|Any CPU
		{F951B138-A203-46AF-A6A5-43358BF4554F}.Debug|Any CPU.Build.0 = Debug|Any CPU
		{F951B138-A203-46AF-A6A5-43358BF4554F}.Release|Any CPU.ActiveCfg = Release|Any CPU
		{F951B138-A203-46AF-A6A5-43358BF4554F}.Release|Any CPU.Build.0 = Release|Any CPU
		{2AAFBF2E-15BD-4911-865F-9B284630CC85}.Debug|Any CPU.ActiveCfg = Debug|Any CPU
		{2AAFBF2E-15BD-4911-865F-9B284630CC85}.Debug|Any CPU.Build.0 = Debug|Any CPU
		{2AAFBF2E-15BD-4911-865F-9B284630CC85}.Release|Any CPU.ActiveCfg = Release|Any CPU
		{2AAFBF2E-15BD-4911-865F-9B284630CC85}.Release|Any CPU.Build.0 = Release|Any CPU
		{33BF71DA-1314-4FDE-A87D-1912E436B181}.Debug|Any CPU.ActiveCfg = Debug|Any CPU
		{33BF71DA-1314-4FDE-A87D-1912E436B181}.Debug|Any CPU.Build.0 = Debug|Any CPU
		{33BF71DA-1314-4FDE-A87D-1912E436B181}.Release|Any CPU.ActiveCfg = Release|Any CPU
		{33BF71DA-1314-4FDE-A87D-1912E436B181}.Release|Any CPU.Build.0 = Release|Any CPU
		{BD95B129-5819-4838-B85F-99783E3CC83A}.Debug|Any CPU.ActiveCfg = Debug|Any CPU
		{BD95B129-5819-4838-B85F-99783E3CC83A}.Debug|Any CPU.Build.0 = Debug|Any CPU
		{BD95B129-5819-4838-B85F-99783E3CC83A}.Release|Any CPU.ActiveCfg = Release|Any CPU
		{BD95B129-5819-4838-B85F-99783E3CC83A}.Release|Any CPU.Build.0 = Release|Any CPU
		{57E38C3D-8E69-4501-A927-463C6055B0F3}.Debug|Any CPU.ActiveCfg = Debug|Any CPU
		{57E38C3D-8E69-4501-A927-463C6055B0F3}.Debug|Any CPU.Build.0 = Debug|Any CPU
		{57E38C3D-8E69-4501-A927-463C6055B0F3}.Release|Any CPU.ActiveCfg = Release|Any CPU
		{57E38C3D-8E69-4501-A927-463C6055B0F3}.Release|Any CPU.Build.0 = Release|Any CPU
		{734A9611-3CF6-4D3F-B2C0-8B040B40CABA}.Debug|Any CPU.ActiveCfg = Debug|Any CPU
		{734A9611-3CF6-4D3F-B2C0-8B040B40CABA}.Debug|Any CPU.Build.0 = Debug|Any CPU
		{734A9611-3CF6-4D3F-B2C0-8B040B40CABA}.Release|Any CPU.ActiveCfg = Release|Any CPU
		{734A9611-3CF6-4D3F-B2C0-8B040B40CABA}.Release|Any CPU.Build.0 = Release|Any CPU
		{6906A357-3EE6-48F8-BE52-E716C687EA3D}.Debug|Any CPU.ActiveCfg = Debug|Any CPU
		{6906A357-3EE6-48F8-BE52-E716C687EA3D}.Debug|Any CPU.Build.0 = Debug|Any CPU
		{6906A357-3EE6-48F8-BE52-E716C687EA3D}.Release|Any CPU.ActiveCfg = Release|Any CPU
		{6906A357-3EE6-48F8-BE52-E716C687EA3D}.Release|Any CPU.Build.0 = Release|Any CPU
		{DF38E57C-B190-4240-83D7-E25003E959E8}.Debug|Any CPU.ActiveCfg = Debug|Any CPU
		{DF38E57C-B190-4240-83D7-E25003E959E8}.Debug|Any CPU.Build.0 = Debug|Any CPU
		{DF38E57C-B190-4240-83D7-E25003E959E8}.Release|Any CPU.ActiveCfg = Release|Any CPU
		{DF38E57C-B190-4240-83D7-E25003E959E8}.Release|Any CPU.Build.0 = Release|Any CPU
		{6215BCA7-2727-4E2F-AC04-0B46A97B95D0}.Debug|Any CPU.ActiveCfg = Debug|Any CPU
		{6215BCA7-2727-4E2F-AC04-0B46A97B95D0}.Debug|Any CPU.Build.0 = Debug|Any CPU
		{6215BCA7-2727-4E2F-AC04-0B46A97B95D0}.Release|Any CPU.ActiveCfg = Release|Any CPU
		{6215BCA7-2727-4E2F-AC04-0B46A97B95D0}.Release|Any CPU.Build.0 = Release|Any CPU
		{FD642A20-EEB8-49EC-BD9D-5EC756F91048}.Debug|Any CPU.ActiveCfg = Debug|Any CPU
		{FD642A20-EEB8-49EC-BD9D-5EC756F91048}.Debug|Any CPU.Build.0 = Debug|Any CPU
		{FD642A20-EEB8-49EC-BD9D-5EC756F91048}.Release|Any CPU.ActiveCfg = Release|Any CPU
		{FD642A20-EEB8-49EC-BD9D-5EC756F91048}.Release|Any CPU.Build.0 = Release|Any CPU
		{0AD1C8F3-6BAA-425C-B1FE-A3480E0D4846}.Debug|Any CPU.ActiveCfg = Debug|Any CPU
		{0AD1C8F3-6BAA-425C-B1FE-A3480E0D4846}.Debug|Any CPU.Build.0 = Debug|Any CPU
		{0AD1C8F3-6BAA-425C-B1FE-A3480E0D4846}.Release|Any CPU.ActiveCfg = Release|Any CPU
		{0AD1C8F3-6BAA-425C-B1FE-A3480E0D4846}.Release|Any CPU.Build.0 = Release|Any CPU
		{131C8A01-2A3B-487E-A65F-B144455D0F9D}.Debug|Any CPU.ActiveCfg = Debug|Any CPU
		{131C8A01-2A3B-487E-A65F-B144455D0F9D}.Debug|Any CPU.Build.0 = Debug|Any CPU
		{131C8A01-2A3B-487E-A65F-B144455D0F9D}.Release|Any CPU.ActiveCfg = Release|Any CPU
		{131C8A01-2A3B-487E-A65F-B144455D0F9D}.Release|Any CPU.Build.0 = Release|Any CPU
		{3C253702-ED22-4001-9573-E7C69B498F1E}.Debug|Any CPU.ActiveCfg = Debug|Any CPU
		{3C253702-ED22-4001-9573-E7C69B498F1E}.Debug|Any CPU.Build.0 = Debug|Any CPU
		{3C253702-ED22-4001-9573-E7C69B498F1E}.Release|Any CPU.ActiveCfg = Release|Any CPU
		{3C253702-ED22-4001-9573-E7C69B498F1E}.Release|Any CPU.Build.0 = Release|Any CPU
		{DF3C5B26-11C6-4F47-8AAC-8AF2893D52A4}.Debug|Any CPU.ActiveCfg = Debug|Any CPU
		{DF3C5B26-11C6-4F47-8AAC-8AF2893D52A4}.Debug|Any CPU.Build.0 = Debug|Any CPU
		{DF3C5B26-11C6-4F47-8AAC-8AF2893D52A4}.Release|Any CPU.ActiveCfg = Release|Any CPU
		{DF3C5B26-11C6-4F47-8AAC-8AF2893D52A4}.Release|Any CPU.Build.0 = Release|Any CPU
		{C49F45B9-6C4E-4E1D-958C-DFAE474A27E6}.Debug|Any CPU.ActiveCfg = Debug|Any CPU
		{C49F45B9-6C4E-4E1D-958C-DFAE474A27E6}.Debug|Any CPU.Build.0 = Debug|Any CPU
		{C49F45B9-6C4E-4E1D-958C-DFAE474A27E6}.Release|Any CPU.ActiveCfg = Release|Any CPU
		{C49F45B9-6C4E-4E1D-958C-DFAE474A27E6}.Release|Any CPU.Build.0 = Release|Any CPU
	EndGlobalSection
	GlobalSection(SolutionProperties) = preSolution
		HideSolutionNode = FALSE
	EndGlobalSection
	GlobalSection(NestedProjects) = preSolution
		{98034703-4335-487C-A9B7-EA7BBEC2FAC5} = {02EA681E-C7D8-13C7-8484-4AC65E1B71E8}
		{39A6C1E6-9289-41AD-A56B-41D1F5C0E357} = {02EA681E-C7D8-13C7-8484-4AC65E1B71E8}
		{6A4A39F0-04CE-4492-A9B2-8F7F02526033} = {D7678118-8971-49BD-A084-3C9FDFE00FBE}
		{6837A27E-A9DE-4C19-93A4-E8B167FCCC3E} = {D7678118-8971-49BD-A084-3C9FDFE00FBE}
		{877F00F3-8F3E-4FC8-98E9-C28C01EE72E0} = {D7678118-8971-49BD-A084-3C9FDFE00FBE}
		{D685DF4C-2743-4847-B5C3-0AB131DA3625} = {D7678118-8971-49BD-A084-3C9FDFE00FBE}
		{74224FA0-D03D-4A5B-B201-8924D944C1E6} = {DC224F1F-151B-46CC-B6BE-2462244AD1D8}
		{6000EE7A-9CCD-44BE-8C7D-FD9A041625D5} = {DC224F1F-151B-46CC-B6BE-2462244AD1D8}
		{108EC7AA-EEF6-4F13-9FDF-80BB0B1FBAF7} = {DC224F1F-151B-46CC-B6BE-2462244AD1D8}
		{27F161A4-3C27-4CE6-A325-D33C03EE5F5A} = {DC224F1F-151B-46CC-B6BE-2462244AD1D8}
		{988308AC-8DE4-44E1-810B-49B7F2739B57} = {DC224F1F-151B-46CC-B6BE-2462244AD1D8}
		{77207CDD-8A7E-4740-8738-D65E1C225F50} = {DC224F1F-151B-46CC-B6BE-2462244AD1D8}
		{D51527CA-0238-4D1B-962F-B2529A18D3D4} = {DC224F1F-151B-46CC-B6BE-2462244AD1D8}
		{A46FDDAC-74E1-4B1A-BDE5-62B1DB518036} = {DC224F1F-151B-46CC-B6BE-2462244AD1D8}
		{1D1016DB-B919-4DDD-AB40-A81D843FE21C} = {DC224F1F-151B-46CC-B6BE-2462244AD1D8}
		{D87596F4-F86E-468A-AB1C-B42A21BAA17E} = {DC224F1F-151B-46CC-B6BE-2462244AD1D8}
		{30372383-7028-44BA-B16D-E176945697DD} = {6EF23C0F-2F08-49A9-97B2-8F0A663112DA}
		{20E4438E-F160-47CA-935C-9A07F0A19E9B} = {6EF23C0F-2F08-49A9-97B2-8F0A663112DA}
		{0713AF2C-C76B-47B9-B55B-68445C9DE5C7} = {6EF23C0F-2F08-49A9-97B2-8F0A663112DA}
		{C9B02EAD-7074-4FB1-A005-142C3F3F7BDE} = {6EF23C0F-2F08-49A9-97B2-8F0A663112DA}
		{21B0155A-0719-410F-9F19-F8C2903A442E} = {6EF23C0F-2F08-49A9-97B2-8F0A663112DA}
		{F951B138-A203-46AF-A6A5-43358BF4554F} = {6EF23C0F-2F08-49A9-97B2-8F0A663112DA}
		{2AAFBF2E-15BD-4911-865F-9B284630CC85} = {6EF23C0F-2F08-49A9-97B2-8F0A663112DA}
		{33BF71DA-1314-4FDE-A87D-1912E436B181} = {6EF23C0F-2F08-49A9-97B2-8F0A663112DA}
		{BD95B129-5819-4838-B85F-99783E3CC83A} = {6EF23C0F-2F08-49A9-97B2-8F0A663112DA}
		{57E38C3D-8E69-4501-A927-463C6055B0F3} = {6EF23C0F-2F08-49A9-97B2-8F0A663112DA}
		{734A9611-3CF6-4D3F-B2C0-8B040B40CABA} = {6EF23C0F-2F08-49A9-97B2-8F0A663112DA}
		{6906A357-3EE6-48F8-BE52-E716C687EA3D} = {6048CB00-C63B-4167-8124-A356000DC871}
		{DF38E57C-B190-4240-83D7-E25003E959E8} = {6048CB00-C63B-4167-8124-A356000DC871}
		{6215BCA7-2727-4E2F-AC04-0B46A97B95D0} = {6048CB00-C63B-4167-8124-A356000DC871}
		{FD642A20-EEB8-49EC-BD9D-5EC756F91048} = {5022CA46-0E91-4814-ACDA-81FC9B134762}
		{0AD1C8F3-6BAA-425C-B1FE-A3480E0D4846} = {5022CA46-0E91-4814-ACDA-81FC9B134762}
		{131C8A01-2A3B-487E-A65F-B144455D0F9D} = {5022CA46-0E91-4814-ACDA-81FC9B134762}
		{3C253702-ED22-4001-9573-E7C69B498F1E} = {5022CA46-0E91-4814-ACDA-81FC9B134762}
		{DF3C5B26-11C6-4F47-8AAC-8AF2893D52A4} = {62519AC1-31F2-4C49-A900-CBB3ED4D3E78}
		{C49F45B9-6C4E-4E1D-958C-DFAE474A27E6} = {62519AC1-31F2-4C49-A900-CBB3ED4D3E78}
	EndGlobalSection
	GlobalSection(ExtensibilityGlobals) = postSolution
		SolutionGuid = {32151CAA-55BE-4A6A-A967-FC4B6A32E020}
	EndGlobalSection
EndGlobal
